
Microsoft Visual Studio Solution File, Format Version 12.00
# Visual Studio Version 16
VisualStudioVersion = 25.0.1706.10
MinimumVisualStudioVersion = 10.0.40219.1
Project("{FAE04EC0-301F-11D3-BF4B-00C04F79EFBC}") = "AdvanceCoursework", "AdvanceCoursework.csproj", "{ED7D86FA-75C6-45A4-B8D6-DEEE4123C189}"
EndProject
Global
	GlobalSection(SolutionConfigurationPlatforms) = preSolution
		Debug|Any CPU = Debug|Any CPU
		Release|Any CPU = Release|Any CPU
	EndGlobalSection
	GlobalSection(ProjectConfigurationPlatforms) = postSolution
		{ED7D86FA-75C6-45A4-B8D6-DEEE4123C189}.Debug|Any CPU.ActiveCfg = Debug|Any CPU
		{ED7D86FA-75C6-45A4-B8D6-DEEE4123C189}.Debug|Any CPU.Build.0 = Debug|Any CPU
		{ED7D86FA-75C6-45A4-B8D6-DEEE4123C189}.Release|Any CPU.ActiveCfg = Release|Any CPU
		{ED7D86FA-75C6-45A4-B8D6-DEEE4123C189}.Release|Any CPU.Build.0 = Release|Any CPU
	EndGlobalSection
	GlobalSection(SolutionProperties) = preSolution
		HideSolutionNode = FALSE
	EndGlobalSection
	GlobalSection(ExtensibilityGlobals) = postSolution
		SolutionGuid = {B9786613-50EC-4F48-8FEC-91BC1C5ED185}
	EndGlobalSection
EndGlobal
